lockfileVersion: '9.0'

settings:
  autoInstallPeers: true
  excludeLinksFromLockfile: false

importers:

  .:
    devDependencies:
      kagayoi-support-extension:
        specifier: 1.0.2
        version: 1.0.2

packages:

  kagayoi-support-extension@1.0.2:
    resolution: {integrity: sha512-FjbOk14S3mEAStIdO5XCyUURXbQeDKMXSJc/806nZ5NirmHjoDc6gWNyfbYg63Fx9W68RofKoVh91P+CfW2ujA==}
    engines: {node: '>=22'}
    hasBin: true

snapshots:

  kagayoi-support-extension@1.0.2: {}
