lockfileVersion: '9.0'

settings:
  autoInstallPeers: true
  excludeLinksFromLockfile: false

importers:

  .:
    devDependencies:
      kagayoi-support-extension:
        specifier: 1.0.5
        version: 1.0.5

packages:

  kagayoi-support-extension@1.0.5:
    resolution: {integrity: sha512-kUFtbATu2h7cE/9IPV16bC48ADTV7etudKx+wDFwNYmOEUsobsKymD+UhlMbG5yiwdWpxIYYp/FRNy6NGa0iKA==}
    engines: {node: '>=22'}
    hasBin: true

snapshots:

  kagayoi-support-extension@1.0.5: {}
